
Microsoft Visual Studio Solution File, Format Version 12.00
# Visual Studio Version 17
VisualStudioVersion = 17.7.34024.191
MinimumVisualStudioVersion = 10.0.40219.1
Project("{FAE04EC0-301F-11D3-BF4B-00C04F79EFBC}") = "Brick Game", "Brick Game.csproj", "{392DF670-EE38-45F9-B0FA-9B42F8F05989}"
EndProject
Global
	GlobalSection(SolutionConfigurationPlatforms) = preSolution
		Debug|Any CPU = Debug|Any CPU
		Release|Any CPU = Release|Any CPU
	EndGlobalSection
	GlobalSection(ProjectConfigurationPlatforms) = postSolution
		{392DF670-EE38-45F9-B0FA-9B42F8F05989}.Debug|Any CPU.ActiveCfg = Debug|Any CPU
		{392DF670-EE38-45F9-B0FA-9B42F8F05989}.Debug|Any CPU.Build.0 = Debug|Any CPU
		{392DF670-EE38-45F9-B0FA-9B42F8F05989}.Release|Any CPU.ActiveCfg = Release|Any CPU
		{392DF670-EE38-45F9-B0FA-9B42F8F05989}.Release|Any CPU.Build.0 = Release|Any CPU
	EndGlobalSection
	GlobalSection(SolutionProperties) = preSolution
		HideSolutionNode = FALSE
	EndGlobalSection
	GlobalSection(ExtensibilityGlobals) = postSolution
		SolutionGuid = {2CB82F4C-B663-4722-B3C3-4CF7730BFA8F}
	EndGlobalSection
EndGlobal
